// !$*UTF8*$!
{
	archiveVersion = 1;
	classes = {
	};
	objectVersion = 50;
	objects = {

/* Begin PBXBuildFile section */
		04264C37257F8A2D004BFF97 /* GameView.swift in Sources */ = {isa = PBXBuildFile; fileRef = 04264C36257F8A2D004BFF97 /* GameView.swift */; };
		04264C41257F94BD004BFF97 /* DropZoneObject.swift in Sources */ = {isa = PBXBuildFile; fileRef = 04264C40257F94BD004BFF97 /* DropZoneObject.swift */; };
		1462F622257123A6009A9BC8 /* GruppProjektSwiftUIApp.swift in Sources */ = {isa = PBXBuildFile; fileRef = 1462F621257123A6009A9BC8 /* GruppProjektSwiftUIApp.swift */; };
		1462F624257123A6009A9BC8 /* ContentView.swift in Sources */ = {isa = PBXBuildFile; fileRef = 1462F623257123A6009A9BC8 /* ContentView.swift */; };
		1462F626257123A8009A9BC8 /* Assets.xcassets in Resources */ = {isa = PBXBuildFile; fileRef = 1462F625257123A8009A9BC8 /* Assets.xcassets */; };
		1462F629257123A8009A9BC8 /* Preview Assets.xcassets in Resources */ = {isa = PBXBuildFile; fileRef = 1462F628257123A8009A9BC8 /* Preview Assets.xcassets */; };
		1462F63D257125C0009A9BC8 /* TobiasView.swift in Sources */ = {isa = PBXBuildFile; fileRef = 1462F63C257125C0009A9BC8 /* TobiasView.swift */; };
		147400C6257F866D00AD7190 /* MusicPlayer.swift in Sources */ = {isa = PBXBuildFile; fileRef = 147400C5257F866D00AD7190 /* MusicPlayer.swift */; };
		147400CA257F867B00AD7190 /* EffectPlayer.swift in Sources */ = {isa = PBXBuildFile; fileRef = 147400C9257F867B00AD7190 /* EffectPlayer.swift */; };
		147400CD257F868B00AD7190 /* yes.wav in Resources */ = {isa = PBXBuildFile; fileRef = 147400CC257F868B00AD7190 /* yes.wav */; };
		147400D0257F869C00AD7190 /* no.wav in Resources */ = {isa = PBXBuildFile; fileRef = 147400CF257F869C00AD7190 /* no.wav */; };
		147400D3257F873900AD7190 /* Music.mp3 in Resources */ = {isa = PBXBuildFile; fileRef = 147400D2257F873900AD7190 /* Music.mp3 */; };
		149E65B62588B06400E14835 /* background2.wav in Resources */ = {isa = PBXBuildFile; fileRef = 149E65B52588B06300E14835 /* background2.wav */; };
		14F200F8258A264E0030425E /* MenuDraft.swift in Sources */ = {isa = PBXBuildFile; fileRef = 14F200F7258A264E0030425E /* MenuDraft.swift */; };
		7435B7732578FFD6007EC86A /* cat_button.swift in Sources */ = {isa = PBXBuildFile; fileRef = 7435B7722578FFD6007EC86A /* cat_button.swift */; };
		8474156F257FC4B200863B0A /* endGameAlert.swift in Sources */ = {isa = PBXBuildFile; fileRef = 8474156E257FC4B200863B0A /* endGameAlert.swift */; };
		84D4D45525764AA2008F0B5F /* DragObject.swift in Sources */ = {isa = PBXBuildFile; fileRef = 84D4D45325764AA1008F0B5F /* DragObject.swift */; };
/* End PBXBuildFile section */

/* Begin PBXFileReference section */
		04264C36257F8A2D004BFF97 /* GameView.swift */ = {isa = PBXFileReference; lastKnownFileType = sourcecode.swift; path = GameView.swift; sourceTree = "<group>"; };
		04264C40257F94BD004BFF97 /* DropZoneObject.swift */ = {isa = PBXFileReference; lastKnownFileType = sourcecode.swift; path = DropZoneObject.swift; sourceTree = "<group>"; };
		1462F61E257123A6009A9BC8 /* GruppProjektSwiftUI.app */ = {isa = PBXFileReference; explicitFileType = wrapper.application; includeInIndex = 0; path = GruppProjektSwiftUI.app; sourceTree = BUILT_PRODUCTS_DIR; };
		1462F621257123A6009A9BC8 /* GruppProjektSwiftUIApp.swift */ = {isa = PBXFileReference; lastKnownFileType = sourcecode.swift; path = GruppProjektSwiftUIApp.swift; sourceTree = "<group>"; };
		1462F623257123A6009A9BC8 /* ContentView.swift */ = {isa = PBXFileReference; lastKnownFileType = sourcecode.swift; path = ContentView.swift; sourceTree = "<group>"; };
		1462F625257123A8009A9BC8 /* Assets.xcassets */ = {isa = PBXFileReference; lastKnownFileType = folder.assetcatalog; path = Assets.xcassets; sourceTree = "<group>"; };
		1462F628257123A8009A9BC8 /* Preview Assets.xcassets */ = {isa = PBXFileReference; lastKnownFileType = folder.assetcatalog; path = "Preview Assets.xcassets"; sourceTree = "<group>"; };
		1462F62A257123A8009A9BC8 /* Info.plist */ = {isa = PBXFileReference; lastKnownFileType = text.plist.xml; path = Info.plist; sourceTree = "<group>"; };
		1462F63C257125C0009A9BC8 /* TobiasView.swift */ = {isa = PBXFileReference; lastKnownFileType = sourcecode.swift; path = TobiasView.swift; sourceTree = "<group>"; };
		147400C5257F866D00AD7190 /* MusicPlayer.swift */ = {isa = PBXFileReference; lastKnownFileType = sourcecode.swift; path = MusicPlayer.swift; sourceTree = "<group>"; };
		147400C9257F867B00AD7190 /* EffectPlayer.swift */ = {isa = PBXFileReference; lastKnownFileType = sourcecode.swift; path = EffectPlayer.swift; sourceTree = "<group>"; };
		147400CC257F868B00AD7190 /* yes.wav */ = {isa = PBXFileReference; lastKnownFileType = audio.wav; path = yes.wav; sourceTree = "<group>"; };
		147400CF257F869C00AD7190 /* no.wav */ = {isa = PBXFileReference; lastKnownFileType = audio.wav; path = no.wav; sourceTree = "<group>"; };
		147400D2257F873900AD7190 /* Music.mp3 */ = {isa = PBXFileReference; lastKnownFileType = audio.mp3; path = Music.mp3; sourceTree = "<group>"; };
		149E65B52588B06300E14835 /* background2.wav */ = {isa = PBXFileReference; lastKnownFileType = audio.wav; path = background2.wav; sourceTree = "<group>"; };
		14F200F7258A264E0030425E /* MenuDraft.swift */ = {isa = PBXFileReference; lastKnownFileType = sourcecode.swift; path = MenuDraft.swift; sourceTree = "<group>"; };
		7435B7722578FFD6007EC86A /* cat_button.swift */ = {isa = PBXFileReference; fileEncoding = 4; lastKnownFileType = sourcecode.swift; path = cat_button.swift; sourceTree = "<group>"; };
		8474156E257FC4B200863B0A /* endGameAlert.swift */ = {isa = PBXFileReference; lastKnownFileType = sourcecode.swift; path = endGameAlert.swift; sourceTree = "<group>"; };
		84D4D45325764AA1008F0B5F /* DragObject.swift */ = {isa = PBXFileReference; fileEncoding = 4; lastKnownFileType = sourcecode.swift; path = DragObject.swift; sourceTree = "<group>"; };
/* End PBXFileReference section */

/* Begin PBXFrameworksBuildPhase section */
		1462F61B257123A6009A9BC8 /* Frameworks */ = {
			isa = PBXFrameworksBuildPhase;
			buildActionMask = 2147483647;
			files = (
			);
			runOnlyForDeploymentPostprocessing = 0;
		};
/* End PBXFrameworksBuildPhase section */

/* Begin PBXGroup section */
		1462F615257123A6009A9BC8 = {
			isa = PBXGroup;
			children = (
				1462F620257123A6009A9BC8 /* GruppProjektSwiftUI */,
				1462F61F257123A6009A9BC8 /* Products */,
			);
			sourceTree = "<group>";
		};
		1462F61F257123A6009A9BC8 /* Products */ = {
			isa = PBXGroup;
			children = (
				1462F61E257123A6009A9BC8 /* GruppProjektSwiftUI.app */,
			);
			name = Products;
			sourceTree = "<group>";
		};
		1462F620257123A6009A9BC8 /* GruppProjektSwiftUI */ = {
			isa = PBXGroup;
			children = (
				147400DB257FB92B00AD7190 /* Dev filer */,
				147400C4257F865400AD7190 /* Music files */,
				1462F623257123A6009A9BC8 /* ContentView.swift */,
				04264C36257F8A2D004BFF97 /* GameView.swift */,
				04264C40257F94BD004BFF97 /* DropZoneObject.swift */,
				84D4D45325764AA1008F0B5F /* DragObject.swift */,
				1462F621257123A6009A9BC8 /* GruppProjektSwiftUIApp.swift */,
				1462F625257123A8009A9BC8 /* Assets.xcassets */,
				1462F62A257123A8009A9BC8 /* Info.plist */,
				1462F627257123A8009A9BC8 /* Preview Content */,
				8474156E257FC4B200863B0A /* endGameAlert.swift */,
			);
			path = GruppProjektSwiftUI;
			sourceTree = "<group>";
		};
		1462F627257123A8009A9BC8 /* Preview Content */ = {
			isa = PBXGroup;
			children = (
				1462F628257123A8009A9BC8 /* Preview Assets.xcassets */,
			);
			path = "Preview Content";
			sourceTree = "<group>";
		};
		147400C4257F865400AD7190 /* Music files */ = {
			isa = PBXGroup;
			children = (
				147400CC257F868B00AD7190 /* yes.wav */,
				147400CF257F869C00AD7190 /* no.wav */,
				149E65B52588B06300E14835 /* background2.wav */,
				147400D2257F873900AD7190 /* Music.mp3 */,
				147400C5257F866D00AD7190 /* MusicPlayer.swift */,
				147400C9257F867B00AD7190 /* EffectPlayer.swift */,
			);
			path = "Music files";
			sourceTree = "<group>";
		};
		147400DB257FB92B00AD7190 /* Dev filer */ = {
			isa = PBXGroup;
			children = (
				1462F63C257125C0009A9BC8 /* TobiasView.swift */,
				7435B7722578FFD6007EC86A /* cat_button.swift */,
				14F200F7258A264E0030425E /* MenuDraft.swift */,
			);
			path = "Dev filer";
			sourceTree = "<group>";
		};
/* End PBXGroup section */

/* Begin PBXNativeTarget section */
		1462F61D257123A6009A9BC8 /* GruppProjektSwiftUI */ = {
			isa = PBXNativeTarget;
			buildConfigurationList = 1462F62D257123A8009A9BC8 /* Build configuration list for PBXNativeTarget "GruppProjektSwiftUI" */;
			buildPhases = (
				1462F61A257123A6009A9BC8 /* Sources */,
				1462F61B257123A6009A9BC8 /* Frameworks */,
				1462F61C257123A6009A9BC8 /* Resources */,
			);
			buildRules = (
			);
			dependencies = (
			);
			name = GruppProjektSwiftUI;
			productName = GruppProjektSwiftUI;
			productReference = 1462F61E257123A6009A9BC8 /* GruppProjektSwiftUI.app */;
			productType = "com.apple.product-type.application";
		};
/* End PBXNativeTarget section */

/* Begin PBXProject section */
		1462F616257123A6009A9BC8 /* Project object */ = {
			isa = PBXProject;
			attributes = {
				LastSwiftUpdateCheck = 1220;
				LastUpgradeCheck = 1220;
				TargetAttributes = {
					1462F61D257123A6009A9BC8 = {
						CreatedOnToolsVersion = 12.2;
					};
				};
			};
			buildConfigurationList = 1462F619257123A6009A9BC8 /* Build configuration list for PBXProject "GruppProjektSwiftUI" */;
			compatibilityVersion = "Xcode 9.3";
			developmentRegion = en;
			hasScannedForEncodings = 0;
			knownRegions = (
				en,
				Base,
			);
			mainGroup = 1462F615257123A6009A9BC8;
			productRefGroup = 1462F61F257123A6009A9BC8 /* Products */;
			projectDirPath = "";
			projectRoot = "";
			targets = (
				1462F61D257123A6009A9BC8 /* GruppProjektSwiftUI */,
			);
		};
/* End PBXProject section */

/* Begin PBXResourcesBuildPhase section */
		1462F61C257123A6009A9BC8 /* Resources */ = {
			isa = PBXResourcesBuildPhase;
			buildActionMask = 2147483647;
			files = (
				147400CD257F868B00AD7190 /* yes.wav in Resources */,
				149E65B62588B06400E14835 /* background2.wav in Resources */,
				1462F629257123A8009A9BC8 /* Preview Assets.xcassets in Resources */,
				147400D3257F873900AD7190 /* Music.mp3 in Resources */,
				1462F626257123A8009A9BC8 /* Assets.xcassets in Resources */,
				147400D0257F869C00AD7190 /* no.wav in Resources */,
			);
			runOnlyForDeploymentPostprocessing = 0;
		};
/* End PBXResourcesBuildPhase section */

/* Begin PBXSourcesBuildPhase section */
		1462F61A257123A6009A9BC8 /* Sources */ = {
			isa = PBXSourcesBuildPhase;
			buildActionMask = 2147483647;
			files = (
				1462F63D257125C0009A9BC8 /* TobiasView.swift in Sources */,
				8474156F257FC4B200863B0A /* endGameAlert.swift in Sources */,
				147400CA257F867B00AD7190 /* EffectPlayer.swift in Sources */,
				147400C6257F866D00AD7190 /* MusicPlayer.swift in Sources */,
				84D4D45525764AA2008F0B5F /* DragObject.swift in Sources */,
				04264C41257F94BD004BFF97 /* DropZoneObject.swift in Sources */,
				04264C37257F8A2D004BFF97 /* GameView.swift in Sources */,
				1462F624257123A6009A9BC8 /* ContentView.swift in Sources */,
				7435B7732578FFD6007EC86A /* cat_button.swift in Sources */,
				1462F622257123A6009A9BC8 /* GruppProjektSwiftUIApp.swift in Sources */,
				14F200F8258A264E0030425E /* MenuDraft.swift in Sources */,
			);
			runOnlyForDeploymentPostprocessing = 0;
		};
/* End PBXSourcesBuildPhase section */

/* Begin XCBuildConfiguration section */
		1462F62B257123A8009A9BC8 /* Debug */ = {
			isa = XCBuildConfiguration;
			buildSettings = {
				ALWAYS_SEARCH_USER_PATHS = NO;
				CLANG_ANALYZER_NONNULL = YES;
				CLANG_ANALYZER_NUMBER_OBJECT_CONVERSION = YES_AGGRESSIVE;
				CLANG_CXX_LANGUAGE_STANDARD = "gnu++14";
				CLANG_CXX_LIBRARY = "libc++";
				CLANG_ENABLE_MODULES = YES;
				CLANG_ENABLE_OBJC_ARC = YES;
				CLANG_ENABLE_OBJC_WEAK = YES;
				CLANG_WARN_BLOCK_CAPTURE_AUTORELEASING = YES;
				CLANG_WARN_BOOL_CONVERSION = YES;
				CLANG_WARN_COMMA = YES;
				CLANG_WARN_CONSTANT_CONVERSION = YES;
				CLANG_WARN_DEPRECATED_OBJC_IMPLEMENTATIONS = YES;
				CLANG_WARN_DIRECT_OBJC_ISA_USAGE = YES_ERROR;
				CLANG_WARN_DOCUMENTATION_COMMENTS = YES;
				CLANG_WARN_EMPTY_BODY = YES;
				CLANG_WARN_ENUM_CONVERSION = YES;
				CLANG_WARN_INFINITE_RECURSION = YES;
				CLANG_WARN_INT_CONVERSION = YES;
				CLANG_WARN_NON_LITERAL_NULL_CONVERSION = YES;
				CLANG_WARN_OBJC_IMPLICIT_RETAIN_SELF = YES;
				CLANG_WARN_OBJC_LITERAL_CONVERSION = YES;
				CLANG_WARN_OBJC_ROOT_CLASS = YES_ERROR;
				CLANG_WARN_QUOTED_INCLUDE_IN_FRAMEWORK_HEADER = YES;
				CLANG_WARN_RANGE_LOOP_ANALYSIS = YES;
				CLANG_WARN_STRICT_PROTOTYPES = YES;
				CLANG_WARN_SUSPICIOUS_MOVE = YES;
				CLANG_WARN_UNGUARDED_AVAILABILITY = YES_AGGRESSIVE;
				CLANG_WARN_UNREACHABLE_CODE = YES;
				CLANG_WARN__DUPLICATE_METHOD_MATCH = YES;
				COPY_PHASE_STRIP = NO;
				DEBUG_INFORMATION_FORMAT = dwarf;
				ENABLE_STRICT_OBJC_MSGSEND = YES;
				ENABLE_TESTABILITY = YES;
				GCC_C_LANGUAGE_STANDARD = gnu11;
				GCC_DYNAMIC_NO_PIC = NO;
				GCC_NO_COMMON_BLOCKS = YES;
				GCC_OPTIMIZATION_LEVEL = 0;
				GCC_PREPROCESSOR_DEFINITIONS = (
					"DEBUG=1",
					"$(inherited)",
				);
				GCC_WARN_64_TO_32_BIT_CONVERSION = YES;
				GCC_WARN_ABOUT_RETURN_TYPE = YES_ERROR;
				GCC_WARN_UNDECLARED_SELECTOR = YES;
				GCC_WARN_UNINITIALIZED_AUTOS = YES_AGGRESSIVE;
				GCC_WARN_UNUSED_FUNCTION = YES;
				GCC_WARN_UNUSED_VARIABLE = YES;
				IPHONEOS_DEPLOYMENT_TARGET = 14.2;
				MTL_ENABLE_DEBUG_INFO = INCLUDE_SOURCE;
				MTL_FAST_MATH = YES;
				ONLY_ACTIVE_ARCH = YES;
				SDKROOT = iphoneos;
				SWIFT_ACTIVE_COMPILATION_CONDITIONS = DEBUG;
				SWIFT_OPTIMIZATION_LEVEL = "-Onone";
			};
			name = Debug;
		};
		1462F62C257123A8009A9BC8 /* Release */ = {
			isa = XCBuildConfiguration;
			buildSettings = {
				ALWAYS_SEARCH_USER_PATHS = NO;
				CLANG_ANALYZER_NONNULL = YES;
				CLANG_ANALYZER_NUMBER_OBJECT_CONVERSION = YES_AGGRESSIVE;
				CLANG_CXX_LANGUAGE_STANDARD = "gnu++14";
				CLANG_CXX_LIBRARY = "libc++";
				CLANG_ENABLE_MODULES = YES;
				CLANG_ENABLE_OBJC_ARC = YES;
				CLANG_ENABLE_OBJC_WEAK = YES;
				CLANG_WARN_BLOCK_CAPTURE_AUTORELEASING = YES;
				CLANG_WARN_BOOL_CONVERSION = YES;
				CLANG_WARN_COMMA = YES;
				CLANG_WARN_CONSTANT_CONVERSION = YES;
				CLANG_WARN_DEPRECATED_OBJC_IMPLEMENTATIONS = YES;
				CLANG_WARN_DIRECT_OBJC_ISA_USAGE = YES_ERROR;
				CLANG_WARN_DOCUMENTATION_COMMENTS = YES;
				CLANG_WARN_EMPTY_BODY = YES;
				CLANG_WARN_ENUM_CONVERSION = YES;
				CLANG_WARN_INFINITE_RECURSION = YES;
				CLANG_WARN_INT_CONVERSION = YES;
				CLANG_WARN_NON_LITERAL_NULL_CONVERSION = YES;
				CLANG_WARN_OBJC_IMPLICIT_RETAIN_SELF = YES;
				CLANG_WARN_OBJC_LITERAL_CONVERSION = YES;
				CLANG_WARN_OBJC_ROOT_CLASS = YES_ERROR;
				CLANG_WARN_QUOTED_INCLUDE_IN_FRAMEWORK_HEADER = YES;
				CLANG_WARN_RANGE_LOOP_ANALYSIS = YES;
				CLANG_WARN_STRICT_PROTOTYPES = YES;
				CLANG_WARN_SUSPICIOUS_MOVE = YES;
				CLANG_WARN_UNGUARDED_AVAILABILITY = YES_AGGRESSIVE;
				CLANG_WARN_UNREACHABLE_CODE = YES;
				CLANG_WARN__DUPLICATE_METHOD_MATCH = YES;
				COPY_PHASE_STRIP = NO;
				DEBUG_INFORMATION_FORMAT = "dwarf-with-dsym";
				ENABLE_NS_ASSERTIONS = NO;
				ENABLE_STRICT_OBJC_MSGSEND = YES;
				GCC_C_LANGUAGE_STANDARD = gnu11;
				GCC_NO_COMMON_BLOCKS = YES;
				GCC_WARN_64_TO_32_BIT_CONVERSION = YES;
				GCC_WARN_ABOUT_RETURN_TYPE = YES_ERROR;
				GCC_WARN_UNDECLARED_SELECTOR = YES;
				GCC_WARN_UNINITIALIZED_AUTOS = YES_AGGRESSIVE;
				GCC_WARN_UNUSED_FUNCTION = YES;
				GCC_WARN_UNUSED_VARIABLE = YES;
				IPHONEOS_DEPLOYMENT_TARGET = 14.2;
				MTL_ENABLE_DEBUG_INFO = NO;
				MTL_FAST_MATH = YES;
				SDKROOT = iphoneos;
				SWIFT_COMPILATION_MODE = wholemodule;
				SWIFT_OPTIMIZATION_LEVEL = "-O";
				VALIDATE_PRODUCT = YES;
			};
			name = Release;
		};
		1462F62E257123A8009A9BC8 /* Debug */ = {
			isa = XCBuildConfiguration;
			buildSettings = {
				ASSETCATALOG_COMPILER_APPICON_NAME = AppIcon;
				ASSETCATALOG_COMPILER_GLOBAL_ACCENT_COLOR_NAME = AccentColor;
				CODE_SIGN_STYLE = Automatic;
				DEVELOPMENT_ASSET_PATHS = "\"GruppProjektSwiftUI/Preview Content\"";
				DEVELOPMENT_TEAM = 89DQD8B7D7;
				ENABLE_PREVIEWS = YES;
				INFOPLIST_FILE = GruppProjektSwiftUI/Info.plist;
				IPHONEOS_DEPLOYMENT_TARGET = 14.0;
				LD_RUNPATH_SEARCH_PATHS = (
					"$(inherited)",
					"@executable_path/Frameworks",
				);
				PRODUCT_BUNDLE_IDENTIFIER = com.pontuscroneld.GruppProjektSwiftUI;
				PRODUCT_NAME = "$(TARGET_NAME)";
				SWIFT_VERSION = 5.0;
				TARGETED_DEVICE_FAMILY = "1,2";
			};
			name = Debug;
		};
		1462F62F257123A8009A9BC8 /* Release */ = {
			isa = XCBuildConfiguration;
			buildSettings = {
				ASSETCATALOG_COMPILER_APPICON_NAME = AppIcon;
				ASSETCATALOG_COMPILER_GLOBAL_ACCENT_COLOR_NAME = AccentColor;
				CODE_SIGN_STYLE = Automatic;
				DEVELOPMENT_ASSET_PATHS = "\"GruppProjektSwiftUI/Preview Content\"";
				DEVELOPMENT_TEAM = 89DQD8B7D7;
				ENABLE_PREVIEWS = YES;
				INFOPLIST_FILE = GruppProjektSwiftUI/Info.plist;
				IPHONEOS_DEPLOYMENT_TARGET = 14.0;
				LD_RUNPATH_SEARCH_PATHS = (
					"$(inherited)",
					"@executable_path/Frameworks",
				);
				PRODUCT_BUNDLE_IDENTIFIER = com.pontuscroneld.GruppProjektSwiftUI;
				PRODUCT_NAME = "$(TARGET_NAME)";
				SWIFT_VERSION = 5.0;
				TARGETED_DEVICE_FAMILY = "1,2";
			};
			name = Release;
		};
/* End XCBuildConfiguration section */

/* Begin XCConfigurationList section */
		1462F619257123A6009A9BC8 /* Build configuration list for PBXProject "GruppProjektSwiftUI" */ = {
			isa = XCConfigurationList;
			buildConfigurations = (
				1462F62B257123A8009A9BC8 /* Debug */,
				1462F62C257123A8009A9BC8 /* Release */,
			);
			defaultConfigurationIsVisible = 0;
			defaultConfigurationName = Release;
		};
		1462F62D257123A8009A9BC8 /* Build configuration list for PBXNativeTarget "GruppProjektSwiftUI" */ = {
			isa = XCConfigurationList;
			buildConfigurations = (
				1462F62E257123A8009A9BC8 /* Debug */,
				1462F62F257123A8009A9BC8 /* Release */,
			);
			defaultConfigurationIsVisible = 0;
			defaultConfigurationName = Release;
		};
/* End XCConfigurationList section */
	};
	rootObject = 1462F616257123A6009A9BC8 /* Project object */;
}
